{
  "name": "cep-info",
  "version": "1.0.3",
  "lockfileVersion": 3,
  "requires": true,
  "packages": {
    "": {
      "name": "cep-info",
      "version": "1.0.3",
      "license": "MIT",
      "dependencies": {
        "cache-manager": "^5.6.1"
      },
      "peerDependencies": {
        "cache-manager": "^5.6.1"
      }
    },
    "node_modules/cache-manager": {
      "version": "5.6.1",
      "resolved": "https://registry.npmjs.org/cache-manager/-/cache-manager-5.6.1.tgz",
      "integrity": "sha512-9uTQmLPaTKpvO38RXOm54jfPyrcXR+51NzNdba+Jaydnz8v5l/YEA6l/MsSSeAvF6s43+K4wojIGJC9i6cLfJg==",
      "dependencies": {
        "eventemitter3": "^5.0.1",
        "lodash.clonedeep": "^4.5.0",
        "lru-cache": "^10.2.2",
        "promise-coalesce": "^1.1.2"
      },
      "engines": {
        "node": ">= 18"
      }
    },
    "node_modules/eventemitter3": {
      "version": "5.0.1",
      "resolved": "https://registry.npmjs.org/eventemitter3/-/eventemitter3-5.0.1.tgz",
      "integrity": "sha512-GWkBvjiSZK87ELrYOSESUYeVIc9mvLLf/nXalMOS5dYrgZq9o5OVkbZAVM06CVxYsCwH9BDZFPlQTlPA1j4ahA=="
    },
    "node_modules/lodash.clonedeep": {
      "version": "4.5.0",
      "resolved": "https://registry.npmjs.org/lodash.clonedeep/-/lodash.clonedeep-4.5.0.tgz",
      "integrity": "sha512-H5ZhCF25riFd9uB5UCkVKo61m3S/xZk1x4wA6yp/L3RFP6Z/eHH1ymQcGLo7J3GMPfm0V/7m1tryHuGVxpqEBQ=="
    },
    "node_modules/lru-cache": {
      "version": "10.3.0",
      "resolved": "https://registry.npmjs.org/lru-cache/-/lru-cache-10.3.0.tgz",
      "integrity": "sha512-CQl19J/g+Hbjbv4Y3mFNNXFEL/5t/KCg8POCuUqd4rMKjGG+j1ybER83hxV58zL+dFI1PTkt3GNFSHRt+d8qEQ==",
      "engines": {
        "node": "14 || >=16.14"
      }
    },
    "node_modules/promise-coalesce": {
      "version": "1.1.2",
      "resolved": "https://registry.npmjs.org/promise-coalesce/-/promise-coalesce-1.1.2.tgz",
      "integrity": "sha512-zLaJ9b8hnC564fnJH6NFSOGZYYdzrAJn2JUUIwzoQb32fG2QAakpDNM+CZo1km6keXkRXRM+hml1BFAPVnPkxg==",
      "engines": {
        "node": ">=16"
      }
    }
  }
}
